
Microsoft Visual Studio Solution File, Format Version 12.00
# Visual Studio Version 17
VisualStudioVersion = 17.14.36119.2
MinimumVisualStudioVersion = 10.0.40219.1
Project("{FAE04EC0-301F-11D3-BF4B-00C04F79EFBC}") = "SistemaNomina.ConsolaApp", "SistemaNomina.ConsolaApp.csproj", "{0B3508C0-5198-4B6A-8EF6-E2F2783B97FC}"
EndProject
Project("{FAE04EC0-301F-11D3-BF4B-00C04F79EFBC}") = "SistemaNomina.Domain", "..\SistemaNomina.Domain\SistemaNomina.Domain.csproj", "{4E5B5D3F-1C22-4F54-B249-FE757011C7B9}"
EndProject
Project("{FAE04EC0-301F-11D3-BF4B-00C04F79EFBC}") = "SistemaNomina.Application", "..\SistemaNomina.Application\SistemaNomina.Application.csproj", "{5CE9BDB9-801F-437F-9F70-ED1A4169A30E}"
EndProject
Project("{FAE04EC0-301F-11D3-BF4B-00C04F79EFBC}") = "SistemaNomina.Infrastructure", "..\SistemaNomina.Infraestructure\SistemaNomina.Infrastructure.csproj", "{80296964-4F62-4CC8-8099-D7A19E7C699D}"
EndProject
Project("{FAE04EC0-301F-11D3-BF4B-00C04F79EFBC}") = "TestRendimiento", "..\TestRendimiento\TestRendimiento.csproj", "{F4C46B34-F29D-4644-B8DB-ADEBBAA0C03F}"
EndProject
Global
	GlobalSection(SolutionConfigurationPlatforms) = preSolution
		Debug|Any CPU = Debug|Any CPU
		Release|Any CPU = Release|Any CPU
	EndGlobalSection
	GlobalSection(ProjectConfigurationPlatforms) = postSolution
		{0B3508C0-5198-4B6A-8EF6-E2F2783B97FC}.Debug|Any CPU.ActiveCfg = Debug|Any CPU
		{0B3508C0-5198-4B6A-8EF6-E2F2783B97FC}.Debug|Any CPU.Build.0 = Debug|Any CPU
		{0B3508C0-5198-4B6A-8EF6-E2F2783B97FC}.Release|Any CPU.ActiveCfg = Release|Any CPU
		{0B3508C0-5198-4B6A-8EF6-E2F2783B97FC}.Release|Any CPU.Build.0 = Release|Any CPU
		{4E5B5D3F-1C22-4F54-B249-FE757011C7B9}.Debug|Any CPU.ActiveCfg = Debug|Any CPU
		{4E5B5D3F-1C22-4F54-B249-FE757011C7B9}.Debug|Any CPU.Build.0 = Debug|Any CPU
		{4E5B5D3F-1C22-4F54-B249-FE757011C7B9}.Release|Any CPU.ActiveCfg = Release|Any CPU
		{4E5B5D3F-1C22-4F54-B249-FE757011C7B9}.Release|Any CPU.Build.0 = Release|Any CPU
		{5CE9BDB9-801F-437F-9F70-ED1A4169A30E}.Debug|Any CPU.ActiveCfg = Debug|Any CPU
		{5CE9BDB9-801F-437F-9F70-ED1A4169A30E}.Debug|Any CPU.Build.0 = Debug|Any CPU
		{5CE9BDB9-801F-437F-9F70-ED1A4169A30E}.Release|Any CPU.ActiveCfg = Release|Any CPU
		{5CE9BDB9-801F-437F-9F70-ED1A4169A30E}.Release|Any CPU.Build.0 = Release|Any CPU
		{80296964-4F62-4CC8-8099-D7A19E7C699D}.Debug|Any CPU.ActiveCfg = Debug|Any CPU
		{80296964-4F62-4CC8-8099-D7A19E7C699D}.Debug|Any CPU.Build.0 = Debug|Any CPU
		{80296964-4F62-4CC8-8099-D7A19E7C699D}.Release|Any CPU.ActiveCfg = Release|Any CPU
		{80296964-4F62-4CC8-8099-D7A19E7C699D}.Release|Any CPU.Build.0 = Release|Any CPU
		{F4C46B34-F29D-4644-B8DB-ADEBBAA0C03F}.Debug|Any CPU.ActiveCfg = Debug|Any CPU
		{F4C46B34-F29D-4644-B8DB-ADEBBAA0C03F}.Debug|Any CPU.Build.0 = Debug|Any CPU
		{F4C46B34-F29D-4644-B8DB-ADEBBAA0C03F}.Release|Any CPU.ActiveCfg = Release|Any CPU
		{F4C46B34-F29D-4644-B8DB-ADEBBAA0C03F}.Release|Any CPU.Build.0 = Release|Any CPU
	EndGlobalSection
	GlobalSection(SolutionProperties) = preSolution
		HideSolutionNode = FALSE
	EndGlobalSection
	GlobalSection(ExtensibilityGlobals) = postSolution
		SolutionGuid = {BA54E080-55D7-4CE4-A945-1C21BE233781}
	EndGlobalSection
EndGlobal
